# This file is generated by running "yarn install" inside your project.
# Manual changes might be lost - proceed with caution!

__metadata:
  version: 6
  cacheKey: 8

"@types/node@npm:^18.0.6":
  version: 18.0.6
  resolution: "@types/node@npm:18.0.6"
  checksum: 780f8885a6b6eb12f4c0246617747fdc37a451931b3c01ce8148d356c0903b705dcb16cc6a914de63d48b0dc1b002c7a3dfae681f580e1761aa551d3cd996813
  languageName: node
  linkType: hard

"ansi-regex@npm:^4.1.0":
  version: 4.1.1
  resolution: "ansi-regex@npm:4.1.1"
  checksum: b1a6ee44cb6ecdabaa770b2ed500542714d4395d71c7e5c25baa631f680fb2ad322eb9ba697548d498a6fd366949fc8b5bfcf48d49a32803611f648005b01888
  languageName: node
  linkType: hard

"osu-collector-dl@workspace:.":
  version: 0.0.0-use.local
  resolution: "osu-collector-dl@workspace:."
  dependencies:
    "@types/node": ^18.0.6
    prompt-sync: ^4.2.0
    tslib: ^2.4.0
    undici: ^5.8.0
  languageName: unknown
  linkType: soft

"prompt-sync@npm:^4.2.0":
  version: 4.2.0
  resolution: "prompt-sync@npm:4.2.0"
  dependencies:
    strip-ansi: ^5.0.0
  checksum: b14dfb7d2520f384324b49a64c033e92cf2889e34a148037d66b0b89e43f530a93344aebf57c4abe3ae4e351080e22388f7141ea0fbc56b1b9a7f152d5d4a423
  languageName: node
  linkType: hard

"strip-ansi@npm:^5.0.0":
  version: 5.2.0
  resolution: "strip-ansi@npm:5.2.0"
  dependencies:
    ansi-regex: ^4.1.0
  checksum: bdb5f76ade97062bd88e7723aa019adbfacdcba42223b19ccb528ffb9fb0b89a5be442c663c4a3fb25268eaa3f6ea19c7c3fbae830bd1562d55adccae1fcec46
  languageName: node
  linkType: hard

"tslib@npm:^2.4.0":
  version: 2.4.0
  resolution: "tslib@npm:2.4.0"
  checksum: 8c4aa6a3c5a754bf76aefc38026134180c053b7bd2f81338cb5e5ebf96fefa0f417bff221592bf801077f5bf990562f6264fecbc42cd3309b33872cb6fc3b113
  languageName: node
  linkType: hard

"undici@npm:^5.8.0":
  version: 5.8.0
  resolution: "undici@npm:5.8.0"
  checksum: 7b486ad064da00628d3906e140b86223023cd3494c811da8d7aa1375c2392fe6a6ac421af236c056fd3d3136bba3a91b99e0505dde071dd946070946eb0718b8
  languageName: node
  linkType: hard
